
Microsoft Visual Studio Solution File, Format Version 12.00
# Visual Studio Version 16
VisualStudioVersion = 16.0.31205.134
MinimumVisualStudioVersion = 10.0.40219.1
Project("{FAE04EC0-301F-11D3-BF4B-00C04F79EFBC}") = "OwnCloud.Android", "OwnCloud.Android\OwnCloud.Android.csproj", "{1120CB79-7CCD-42EB-932E-1D3878B950D8}"
EndProject
Project("{9A19103F-16F7-4668-BE54-9A1E7A4F7556}") = "OwnCloud", "OwnCloud\OwnCloud.csproj", "{37947BC8-CAB0-4A38-B153-C8FF5D939C5E}"
EndProject
Project("{FAE04EC0-301F-11D3-BF4B-00C04F79EFBC}") = "Custom", "Custom\Custom.csproj", "{1B45BBA9-EB82-48C4-B2B7-3F713D8D36DB}"
EndProject
Global
	GlobalSection(SolutionConfigurationPlatforms) = preSolution
		Debug|Any CPU = Debug|Any CPU
		Release|Any CPU = Release|Any CPU
	EndGlobalSection
	GlobalSection(ProjectConfigurationPlatforms) = postSolution
		{1120CB79-7CCD-42EB-932E-1D3878B950D8}.Debug|Any CPU.ActiveCfg = Debug|Any CPU
		{1120CB79-7CCD-42EB-932E-1D3878B950D8}.Debug|Any CPU.Build.0 = Debug|Any CPU
		{1120CB79-7CCD-42EB-932E-1D3878B950D8}.Debug|Any CPU.Deploy.0 = Debug|Any CPU
		{1120CB79-7CCD-42EB-932E-1D3878B950D8}.Release|Any CPU.ActiveCfg = Release|Any CPU
		{1120CB79-7CCD-42EB-932E-1D3878B950D8}.Release|Any CPU.Build.0 = Release|Any CPU
		{1120CB79-7CCD-42EB-932E-1D3878B950D8}.Release|Any CPU.Deploy.0 = Release|Any CPU
		{37947BC8-CAB0-4A38-B153-C8FF5D939C5E}.Debug|Any CPU.ActiveCfg = Debug|Any CPU
		{37947BC8-CAB0-4A38-B153-C8FF5D939C5E}.Debug|Any CPU.Build.0 = Debug|Any CPU
		{37947BC8-CAB0-4A38-B153-C8FF5D939C5E}.Debug|Any CPU.Deploy.0 = Debug|Any CPU
		{37947BC8-CAB0-4A38-B153-C8FF5D939C5E}.Release|Any CPU.ActiveCfg = Release|Any CPU
		{37947BC8-CAB0-4A38-B153-C8FF5D939C5E}.Release|Any CPU.Build.0 = Release|Any CPU
		{37947BC8-CAB0-4A38-B153-C8FF5D939C5E}.Release|Any CPU.Deploy.0 = Release|Any CPU
		{1B45BBA9-EB82-48C4-B2B7-3F713D8D36DB}.Debug|Any CPU.ActiveCfg = Debug|Any CPU
		{1B45BBA9-EB82-48C4-B2B7-3F713D8D36DB}.Debug|Any CPU.Build.0 = Debug|Any CPU
		{1B45BBA9-EB82-48C4-B2B7-3F713D8D36DB}.Release|Any CPU.ActiveCfg = Release|Any CPU
		{1B45BBA9-EB82-48C4-B2B7-3F713D8D36DB}.Release|Any CPU.Build.0 = Release|Any CPU
	EndGlobalSection
	GlobalSection(SolutionProperties) = preSolution
		HideSolutionNode = FALSE
	EndGlobalSection
	GlobalSection(ExtensibilityGlobals) = postSolution
		SolutionGuid = {7A4A4164-69C8-4BC2-9FAE-97E0B41F969F}
	EndGlobalSection
EndGlobal
